
Microsoft Visual Studio Solution File, Format Version 12.00
Project("{F2A71F9B-5D33-465A-A702-920D77279786}") = "day01", "day01\day01.fsproj", "{AF3FB150-8C03-4C96-9557-A7F0951FAEE9}"
EndProject
Project("{F2A71F9B-5D33-465A-A702-920D77279786}") = "day02", "day02\day02.fsproj", "{C654E88D-57E5-4708-9C73-1AC190608092}"
EndProject
Project("{F2A71F9B-5D33-465A-A702-920D77279786}") = "day03", "day03\day03.fsproj", "{8DE63D46-3530-4126-B54A-1E90BC5BFB71}"
EndProject
Project("{F2A71F9B-5D33-465A-A702-920D77279786}") = "day04", "day04\day04.fsproj", "{62954604-4973-4AE8-AE15-17D39C8B574D}"
EndProject
Project("{F2A71F9B-5D33-465A-A702-920D77279786}") = "day05", "day05\day05.fsproj", "{7B40D7A8-497A-4BCA-80EA-D2E31D4A9D8F}"
EndProject
Project("{F2A71F9B-5D33-465A-A702-920D77279786}") = "day06", "day06\day06.fsproj", "{655434F8-114F-4BC0-B2CF-2763494A19D4}"
EndProject
Project("{F2A71F9B-5D33-465A-A702-920D77279786}") = "day07", "day07\day07.fsproj", "{2E72F354-75FB-426B-9338-09DBF981D7EC}"
EndProject
Project("{F2A71F9B-5D33-465A-A702-920D77279786}") = "day08", "day08\day08.fsproj", "{31CE45BD-3AE4-4C94-A10A-0D2D736B003E}"
EndProject
Project("{F2A71F9B-5D33-465A-A702-920D77279786}") = "day09", "day09\day09.fsproj", "{F8978C5D-E9FB-40DA-B1C5-533BEDB56980}"
EndProject
Project("{F2A71F9B-5D33-465A-A702-920D77279786}") = "day10", "day10\day10.fsproj", "{08A5129D-9D17-45FD-892F-3F7600E5AE67}"
EndProject
Project("{F2A71F9B-5D33-465A-A702-920D77279786}") = "day11", "day11\day11.fsproj", "{E68F3FBF-15F4-4390-9720-690633AEF25B}"
EndProject
Project("{F2A71F9B-5D33-465A-A702-920D77279786}") = "day12", "day12\day12.fsproj", "{67D3CFCE-A630-4817-A183-53AA033DC209}"
EndProject
Project("{F2A71F9B-5D33-465A-A702-920D77279786}") = "day13", "day13\day13.fsproj", "{802F27B1-2FF2-4353-9C79-D90EC4ABE2B2}"
EndProject
Project("{F2A71F9B-5D33-465A-A702-920D77279786}") = "day14", "day14\day14.fsproj", "{309DA378-D7B5-4196-B628-593584B96EAC}"
EndProject
Global
	GlobalSection(SolutionConfigurationPlatforms) = preSolution
		Debug|Any CPU = Debug|Any CPU
		Debug|x64 = Debug|x64
		Debug|x86 = Debug|x86
		Release|Any CPU = Release|Any CPU
		Release|x64 = Release|x64
		Release|x86 = Release|x86
	EndGlobalSection
	GlobalSection(ProjectConfigurationPlatforms) = postSolution
		{AF3FB150-8C03-4C96-9557-A7F0951FAEE9}.Debug|Any CPU.ActiveCfg = Debug|Any CPU
		{AF3FB150-8C03-4C96-9557-A7F0951FAEE9}.Debug|Any CPU.Build.0 = Debug|Any CPU
		{AF3FB150-8C03-4C96-9557-A7F0951FAEE9}.Debug|x64.ActiveCfg = Debug|Any CPU
		{AF3FB150-8C03-4C96-9557-A7F0951FAEE9}.Debug|x64.Build.0 = Debug|Any CPU
		{AF3FB150-8C03-4C96-9557-A7F0951FAEE9}.Debug|x86.ActiveCfg = Debug|Any CPU
		{AF3FB150-8C03-4C96-9557-A7F0951FAEE9}.Debug|x86.Build.0 = Debug|Any CPU
		{AF3FB150-8C03-4C96-9557-A7F0951FAEE9}.Release|Any CPU.ActiveCfg = Release|Any CPU
		{AF3FB150-8C03-4C96-9557-A7F0951FAEE9}.Release|Any CPU.Build.0 = Release|Any CPU
		{AF3FB150-8C03-4C96-9557-A7F0951FAEE9}.Release|x64.ActiveCfg = Release|Any CPU
		{AF3FB150-8C03-4C96-9557-A7F0951FAEE9}.Release|x64.Build.0 = Release|Any CPU
		{AF3FB150-8C03-4C96-9557-A7F0951FAEE9}.Release|x86.ActiveCfg = Release|Any CPU
		{AF3FB150-8C03-4C96-9557-A7F0951FAEE9}.Release|x86.Build.0 = Release|Any CPU
		{C654E88D-57E5-4708-9C73-1AC190608092}.Debug|Any CPU.ActiveCfg = Debug|Any CPU
		{C654E88D-57E5-4708-9C73-1AC190608092}.Debug|Any CPU.Build.0 = Debug|Any CPU
		{C654E88D-57E5-4708-9C73-1AC190608092}.Debug|x64.ActiveCfg = Debug|Any CPU
		{C654E88D-57E5-4708-9C73-1AC190608092}.Debug|x64.Build.0 = Debug|Any CPU
		{C654E88D-57E5-4708-9C73-1AC190608092}.Debug|x86.ActiveCfg = Debug|Any CPU
		{C654E88D-57E5-4708-9C73-1AC190608092}.Debug|x86.Build.0 = Debug|Any CPU
		{C654E88D-57E5-4708-9C73-1AC190608092}.Release|Any CPU.ActiveCfg = Release|Any CPU
		{C654E88D-57E5-4708-9C73-1AC190608092}.Release|Any CPU.Build.0 = Release|Any CPU
		{C654E88D-57E5-4708-9C73-1AC190608092}.Release|x64.ActiveCfg = Release|Any CPU
		{C654E88D-57E5-4708-9C73-1AC190608092}.Release|x64.Build.0 = Release|Any CPU
		{C654E88D-57E5-4708-9C73-1AC190608092}.Release|x86.ActiveCfg = Release|Any CPU
		{C654E88D-57E5-4708-9C73-1AC190608092}.Release|x86.Build.0 = Release|Any CPU
		{8DE63D46-3530-4126-B54A-1E90BC5BFB71}.Debug|Any CPU.ActiveCfg = Debug|Any CPU
		{8DE63D46-3530-4126-B54A-1E90BC5BFB71}.Debug|Any CPU.Build.0 = Debug|Any CPU
		{8DE63D46-3530-4126-B54A-1E90BC5BFB71}.Debug|x64.ActiveCfg = Debug|Any CPU
		{8DE63D46-3530-4126-B54A-1E90BC5BFB71}.Debug|x64.Build.0 = Debug|Any CPU
		{8DE63D46-3530-4126-B54A-1E90BC5BFB71}.Debug|x86.ActiveCfg = Debug|Any CPU
		{8DE63D46-3530-4126-B54A-1E90BC5BFB71}.Debug|x86.Build.0 = Debug|Any CPU
		{8DE63D46-3530-4126-B54A-1E90BC5BFB71}.Release|Any CPU.ActiveCfg = Release|Any CPU
		{8DE63D46-3530-4126-B54A-1E90BC5BFB71}.Release|Any CPU.Build.0 = Release|Any CPU
		{8DE63D46-3530-4126-B54A-1E90BC5BFB71}.Release|x64.ActiveCfg = Release|Any CPU
		{8DE63D46-3530-4126-B54A-1E90BC5BFB71}.Release|x64.Build.0 = Release|Any CPU
		{8DE63D46-3530-4126-B54A-1E90BC5BFB71}.Release|x86.ActiveCfg = Release|Any CPU
		{8DE63D46-3530-4126-B54A-1E90BC5BFB71}.Release|x86.Build.0 = Release|Any CPU
		{62954604-4973-4AE8-AE15-17D39C8B574D}.Debug|Any CPU.ActiveCfg = Debug|Any CPU
		{62954604-4973-4AE8-AE15-17D39C8B574D}.Debug|Any CPU.Build.0 = Debug|Any CPU
		{62954604-4973-4AE8-AE15-17D39C8B574D}.Debug|x64.ActiveCfg = Debug|Any CPU
		{62954604-4973-4AE8-AE15-17D39C8B574D}.Debug|x64.Build.0 = Debug|Any CPU
		{62954604-4973-4AE8-AE15-17D39C8B574D}.Debug|x86.ActiveCfg = Debug|Any CPU
		{62954604-4973-4AE8-AE15-17D39C8B574D}.Debug|x86.Build.0 = Debug|Any CPU
		{62954604-4973-4AE8-AE15-17D39C8B574D}.Release|Any CPU.ActiveCfg = Release|Any CPU
		{62954604-4973-4AE8-AE15-17D39C8B574D}.Release|Any CPU.Build.0 = Release|Any CPU
		{62954604-4973-4AE8-AE15-17D39C8B574D}.Release|x64.ActiveCfg = Release|Any CPU
		{62954604-4973-4AE8-AE15-17D39C8B574D}.Release|x64.Build.0 = Release|Any CPU
		{62954604-4973-4AE8-AE15-17D39C8B574D}.Release|x86.ActiveCfg = Release|Any CPU
		{62954604-4973-4AE8-AE15-17D39C8B574D}.Release|x86.Build.0 = Release|Any CPU
		{7B40D7A8-497A-4BCA-80EA-D2E31D4A9D8F}.Debug|Any CPU.ActiveCfg = Debug|Any CPU
		{7B40D7A8-497A-4BCA-80EA-D2E31D4A9D8F}.Debug|Any CPU.Build.0 = Debug|Any CPU
		{7B40D7A8-497A-4BCA-80EA-D2E31D4A9D8F}.Debug|x64.ActiveCfg = Debug|Any CPU
		{7B40D7A8-497A-4BCA-80EA-D2E31D4A9D8F}.Debug|x64.Build.0 = Debug|Any CPU
		{7B40D7A8-497A-4BCA-80EA-D2E31D4A9D8F}.Debug|x86.ActiveCfg = Debug|Any CPU
		{7B40D7A8-497A-4BCA-80EA-D2E31D4A9D8F}.Debug|x86.Build.0 = Debug|Any CPU
		{7B40D7A8-497A-4BCA-80EA-D2E31D4A9D8F}.Release|Any CPU.ActiveCfg = Release|Any CPU
		{7B40D7A8-497A-4BCA-80EA-D2E31D4A9D8F}.Release|Any CPU.Build.0 = Release|Any CPU
		{7B40D7A8-497A-4BCA-80EA-D2E31D4A9D8F}.Release|x64.ActiveCfg = Release|Any CPU
		{7B40D7A8-497A-4BCA-80EA-D2E31D4A9D8F}.Release|x64.Build.0 = Release|Any CPU
		{7B40D7A8-497A-4BCA-80EA-D2E31D4A9D8F}.Release|x86.ActiveCfg = Release|Any CPU
		{7B40D7A8-497A-4BCA-80EA-D2E31D4A9D8F}.Release|x86.Build.0 = Release|Any CPU
		{655434F8-114F-4BC0-B2CF-2763494A19D4}.Debug|Any CPU.ActiveCfg = Debug|Any CPU
		{655434F8-114F-4BC0-B2CF-2763494A19D4}.Debug|Any CPU.Build.0 = Debug|Any CPU
		{655434F8-114F-4BC0-B2CF-2763494A19D4}.Debug|x64.ActiveCfg = Debug|Any CPU
		{655434F8-114F-4BC0-B2CF-2763494A19D4}.Debug|x64.Build.0 = Debug|Any CPU
		{655434F8-114F-4BC0-B2CF-2763494A19D4}.Debug|x86.ActiveCfg = Debug|Any CPU
		{655434F8-114F-4BC0-B2CF-2763494A19D4}.Debug|x86.Build.0 = Debug|Any CPU
		{655434F8-114F-4BC0-B2CF-2763494A19D4}.Release|Any CPU.ActiveCfg = Release|Any CPU
		{655434F8-114F-4BC0-B2CF-2763494A19D4}.Release|Any CPU.Build.0 = Release|Any CPU
		{655434F8-114F-4BC0-B2CF-2763494A19D4}.Release|x64.ActiveCfg = Release|Any CPU
		{655434F8-114F-4BC0-B2CF-2763494A19D4}.Release|x64.Build.0 = Release|Any CPU
		{655434F8-114F-4BC0-B2CF-2763494A19D4}.Release|x86.ActiveCfg = Release|Any CPU
		{655434F8-114F-4BC0-B2CF-2763494A19D4}.Release|x86.Build.0 = Release|Any CPU
		{2E72F354-75FB-426B-9338-09DBF981D7EC}.Debug|Any CPU.ActiveCfg = Debug|Any CPU
		{2E72F354-75FB-426B-9338-09DBF981D7EC}.Debug|Any CPU.Build.0 = Debug|Any CPU
		{2E72F354-75FB-426B-9338-09DBF981D7EC}.Debug|x64.ActiveCfg = Debug|Any CPU
		{2E72F354-75FB-426B-9338-09DBF981D7EC}.Debug|x64.Build.0 = Debug|Any CPU
		{2E72F354-75FB-426B-9338-09DBF981D7EC}.Debug|x86.ActiveCfg = Debug|Any CPU
		{2E72F354-75FB-426B-9338-09DBF981D7EC}.Debug|x86.Build.0 = Debug|Any CPU
		{2E72F354-75FB-426B-9338-09DBF981D7EC}.Release|Any CPU.ActiveCfg = Release|Any CPU
		{2E72F354-75FB-426B-9338-09DBF981D7EC}.Release|Any CPU.Build.0 = Release|Any CPU
		{2E72F354-75FB-426B-9338-09DBF981D7EC}.Release|x64.ActiveCfg = Release|Any CPU
		{2E72F354-75FB-426B-9338-09DBF981D7EC}.Release|x64.Build.0 = Release|Any CPU
		{2E72F354-75FB-426B-9338-09DBF981D7EC}.Release|x86.ActiveCfg = Release|Any CPU
		{2E72F354-75FB-426B-9338-09DBF981D7EC}.Release|x86.Build.0 = Release|Any CPU
		{31CE45BD-3AE4-4C94-A10A-0D2D736B003E}.Debug|Any CPU.ActiveCfg = Debug|Any CPU
		{31CE45BD-3AE4-4C94-A10A-0D2D736B003E}.Debug|Any CPU.Build.0 = Debug|Any CPU
		{31CE45BD-3AE4-4C94-A10A-0D2D736B003E}.Debug|x64.ActiveCfg = Debug|Any CPU
		{31CE45BD-3AE4-4C94-A10A-0D2D736B003E}.Debug|x64.Build.0 = Debug|Any CPU
		{31CE45BD-3AE4-4C94-A10A-0D2D736B003E}.Debug|x86.ActiveCfg = Debug|Any CPU
		{31CE45BD-3AE4-4C94-A10A-0D2D736B003E}.Debug|x86.Build.0 = Debug|Any CPU
		{31CE45BD-3AE4-4C94-A10A-0D2D736B003E}.Release|Any CPU.ActiveCfg = Release|Any CPU
		{31CE45BD-3AE4-4C94-A10A-0D2D736B003E}.Release|Any CPU.Build.0 = Release|Any CPU
		{31CE45BD-3AE4-4C94-A10A-0D2D736B003E}.Release|x64.ActiveCfg = Release|Any CPU
		{31CE45BD-3AE4-4C94-A10A-0D2D736B003E}.Release|x64.Build.0 = Release|Any CPU
		{31CE45BD-3AE4-4C94-A10A-0D2D736B003E}.Release|x86.ActiveCfg = Release|Any CPU
		{31CE45BD-3AE4-4C94-A10A-0D2D736B003E}.Release|x86.Build.0 = Release|Any CPU
		{F8978C5D-E9FB-40DA-B1C5-533BEDB56980}.Debug|Any CPU.ActiveCfg = Debug|Any CPU
		{F8978C5D-E9FB-40DA-B1C5-533BEDB56980}.Debug|Any CPU.Build.0 = Debug|Any CPU
		{F8978C5D-E9FB-40DA-B1C5-533BEDB56980}.Debug|x64.ActiveCfg = Debug|Any CPU
		{F8978C5D-E9FB-40DA-B1C5-533BEDB56980}.Debug|x64.Build.0 = Debug|Any CPU
		{F8978C5D-E9FB-40DA-B1C5-533BEDB56980}.Debug|x86.ActiveCfg = Debug|Any CPU
		{F8978C5D-E9FB-40DA-B1C5-533BEDB56980}.Debug|x86.Build.0 = Debug|Any CPU
		{F8978C5D-E9FB-40DA-B1C5-533BEDB56980}.Release|Any CPU.ActiveCfg = Release|Any CPU
		{F8978C5D-E9FB-40DA-B1C5-533BEDB56980}.Release|Any CPU.Build.0 = Release|Any CPU
		{F8978C5D-E9FB-40DA-B1C5-533BEDB56980}.Release|x64.ActiveCfg = Release|Any CPU
		{F8978C5D-E9FB-40DA-B1C5-533BEDB56980}.Release|x64.Build.0 = Release|Any CPU
		{F8978C5D-E9FB-40DA-B1C5-533BEDB56980}.Release|x86.ActiveCfg = Release|Any CPU
		{F8978C5D-E9FB-40DA-B1C5-533BEDB56980}.Release|x86.Build.0 = Release|Any CPU
		{08A5129D-9D17-45FD-892F-3F7600E5AE67}.Debug|Any CPU.ActiveCfg = Debug|Any CPU
		{08A5129D-9D17-45FD-892F-3F7600E5AE67}.Debug|Any CPU.Build.0 = Debug|Any CPU
		{08A5129D-9D17-45FD-892F-3F7600E5AE67}.Debug|x64.ActiveCfg = Debug|Any CPU
		{08A5129D-9D17-45FD-892F-3F7600E5AE67}.Debug|x64.Build.0 = Debug|Any CPU
		{08A5129D-9D17-45FD-892F-3F7600E5AE67}.Debug|x86.ActiveCfg = Debug|Any CPU
		{08A5129D-9D17-45FD-892F-3F7600E5AE67}.Debug|x86.Build.0 = Debug|Any CPU
		{08A5129D-9D17-45FD-892F-3F7600E5AE67}.Release|Any CPU.ActiveCfg = Release|Any CPU
		{08A5129D-9D17-45FD-892F-3F7600E5AE67}.Release|Any CPU.Build.0 = Release|Any CPU
		{08A5129D-9D17-45FD-892F-3F7600E5AE67}.Release|x64.ActiveCfg = Release|Any CPU
		{08A5129D-9D17-45FD-892F-3F7600E5AE67}.Release|x64.Build.0 = Release|Any CPU
		{08A5129D-9D17-45FD-892F-3F7600E5AE67}.Release|x86.ActiveCfg = Release|Any CPU
		{08A5129D-9D17-45FD-892F-3F7600E5AE67}.Release|x86.Build.0 = Release|Any CPU
		{E68F3FBF-15F4-4390-9720-690633AEF25B}.Debug|Any CPU.ActiveCfg = Debug|Any CPU
		{E68F3FBF-15F4-4390-9720-690633AEF25B}.Debug|Any CPU.Build.0 = Debug|Any CPU
		{E68F3FBF-15F4-4390-9720-690633AEF25B}.Debug|x64.ActiveCfg = Debug|Any CPU
		{E68F3FBF-15F4-4390-9720-690633AEF25B}.Debug|x64.Build.0 = Debug|Any CPU
		{E68F3FBF-15F4-4390-9720-690633AEF25B}.Debug|x86.ActiveCfg = Debug|Any CPU
		{E68F3FBF-15F4-4390-9720-690633AEF25B}.Debug|x86.Build.0 = Debug|Any CPU
		{E68F3FBF-15F4-4390-9720-690633AEF25B}.Release|Any CPU.ActiveCfg = Release|Any CPU
		{E68F3FBF-15F4-4390-9720-690633AEF25B}.Release|Any CPU.Build.0 = Release|Any CPU
		{E68F3FBF-15F4-4390-9720-690633AEF25B}.Release|x64.ActiveCfg = Release|Any CPU
		{E68F3FBF-15F4-4390-9720-690633AEF25B}.Release|x64.Build.0 = Release|Any CPU
		{E68F3FBF-15F4-4390-9720-690633AEF25B}.Release|x86.ActiveCfg = Release|Any CPU
		{E68F3FBF-15F4-4390-9720-690633AEF25B}.Release|x86.Build.0 = Release|Any CPU
		{67D3CFCE-A630-4817-A183-53AA033DC209}.Debug|Any CPU.ActiveCfg = Debug|Any CPU
		{67D3CFCE-A630-4817-A183-53AA033DC209}.Debug|Any CPU.Build.0 = Debug|Any CPU
		{67D3CFCE-A630-4817-A183-53AA033DC209}.Debug|x64.ActiveCfg = Debug|Any CPU
		{67D3CFCE-A630-4817-A183-53AA033DC209}.Debug|x64.Build.0 = Debug|Any CPU
		{67D3CFCE-A630-4817-A183-53AA033DC209}.Debug|x86.ActiveCfg = Debug|Any CPU
		{67D3CFCE-A630-4817-A183-53AA033DC209}.Debug|x86.Build.0 = Debug|Any CPU
		{67D3CFCE-A630-4817-A183-53AA033DC209}.Release|Any CPU.ActiveCfg = Release|Any CPU
		{67D3CFCE-A630-4817-A183-53AA033DC209}.Release|Any CPU.Build.0 = Release|Any CPU
		{67D3CFCE-A630-4817-A183-53AA033DC209}.Release|x64.ActiveCfg = Release|Any CPU
		{67D3CFCE-A630-4817-A183-53AA033DC209}.Release|x64.Build.0 = Release|Any CPU
		{67D3CFCE-A630-4817-A183-53AA033DC209}.Release|x86.ActiveCfg = Release|Any CPU
		{67D3CFCE-A630-4817-A183-53AA033DC209}.Release|x86.Build.0 = Release|Any CPU
		{802F27B1-2FF2-4353-9C79-D90EC4ABE2B2}.Debug|Any CPU.ActiveCfg = Debug|Any CPU
		{802F27B1-2FF2-4353-9C79-D90EC4ABE2B2}.Debug|Any CPU.Build.0 = Debug|Any CPU
		{802F27B1-2FF2-4353-9C79-D90EC4ABE2B2}.Debug|x64.ActiveCfg = Debug|Any CPU
		{802F27B1-2FF2-4353-9C79-D90EC4ABE2B2}.Debug|x64.Build.0 = Debug|Any CPU
		{802F27B1-2FF2-4353-9C79-D90EC4ABE2B2}.Debug|x86.ActiveCfg = Debug|Any CPU
		{802F27B1-2FF2-4353-9C79-D90EC4ABE2B2}.Debug|x86.Build.0 = Debug|Any CPU
		{802F27B1-2FF2-4353-9C79-D90EC4ABE2B2}.Release|Any CPU.ActiveCfg = Release|Any CPU
		{802F27B1-2FF2-4353-9C79-D90EC4ABE2B2}.Release|Any CPU.Build.0 = Release|Any CPU
		{802F27B1-2FF2-4353-9C79-D90EC4ABE2B2}.Release|x64.ActiveCfg = Release|Any CPU
		{802F27B1-2FF2-4353-9C79-D90EC4ABE2B2}.Release|x64.Build.0 = Release|Any CPU
		{802F27B1-2FF2-4353-9C79-D90EC4ABE2B2}.Release|x86.ActiveCfg = Release|Any CPU
		{802F27B1-2FF2-4353-9C79-D90EC4ABE2B2}.Release|x86.Build.0 = Release|Any CPU
		{309DA378-D7B5-4196-B628-593584B96EAC}.Debug|Any CPU.ActiveCfg = Debug|Any CPU
		{309DA378-D7B5-4196-B628-593584B96EAC}.Debug|Any CPU.Build.0 = Debug|Any CPU
		{309DA378-D7B5-4196-B628-593584B96EAC}.Debug|x64.ActiveCfg = Debug|Any CPU
		{309DA378-D7B5-4196-B628-593584B96EAC}.Debug|x64.Build.0 = Debug|Any CPU
		{309DA378-D7B5-4196-B628-593584B96EAC}.Debug|x86.ActiveCfg = Debug|Any CPU
		{309DA378-D7B5-4196-B628-593584B96EAC}.Debug|x86.Build.0 = Debug|Any CPU
		{309DA378-D7B5-4196-B628-593584B96EAC}.Release|Any CPU.ActiveCfg = Release|Any CPU
		{309DA378-D7B5-4196-B628-593584B96EAC}.Release|Any CPU.Build.0 = Release|Any CPU
		{309DA378-D7B5-4196-B628-593584B96EAC}.Release|x64.ActiveCfg = Release|Any CPU
		{309DA378-D7B5-4196-B628-593584B96EAC}.Release|x64.Build.0 = Release|Any CPU
		{309DA378-D7B5-4196-B628-593584B96EAC}.Release|x86.ActiveCfg = Release|Any CPU
		{309DA378-D7B5-4196-B628-593584B96EAC}.Release|x86.Build.0 = Release|Any CPU
	EndGlobalSection
	GlobalSection(SolutionProperties) = preSolution
		HideSolutionNode = FALSE
	EndGlobalSection
EndGlobal
